{
    "_readme": [
        "This file locks the dependencies of your project to a known state",
        "Read more about it at https://getcomposer.org/doc/01-basic-usage.md#composer-lock-the-lock-file",
        "This file is @generated automatically"
    ],
    "hash": "836ac10c013aaa43db4786957654eb73",
    "content-hash": "17e19e4f6a61e379e3289e992bf29d89",
    "packages": [
        {
            "name": "level-level/clarkson-hooks",
            "version": "dev-master",
            "source": {
                "type": "git",
                "url": "https://github.com/level-level/clarkson-hooks",
                "reference": "bee687abb4aa75623027e86f3cba3d1e96c57a4b"
            },
            "type": "library",
            "autoload": {
                "psr-4": {
                    "Clarkson\\Hooks\\": "src"
                },
                "files": [
                    "clarkson-hooks.php"
                ]
            },
            "license": [
                "MIT"
            ],
            "authors": [
                {
                    "name": "Level Level",
                    "email": "info@level-level.com"
                }
            ],
            "description": "Solution for 'Just in time' WordPress Hooks.",
            "time": "2017-03-17 13:49:26"
        }
    ],
    "packages-dev": [],
    "aliases": [],
    "minimum-stability": "stable",
    "stability-flags": {
        "level-level/clarkson-hooks": 20
    },
    "prefer-stable": false,
    "prefer-lowest": false,
    "platform": [],
    "platform-dev": []
}
